
Microsoft Visual Studio Solution File, Format Version 12.00
# Visual Studio 2012
Project("{2150E333-8FDC-42A3-9474-1A3956D46DE8}") = "01 Operator Overloading", "01 Operator Overloading", "{B36943D9-0FD8-4DC6-B773-607C1B598D45}"
EndProject
Project("{FAE04EC0-301F-11D3-BF4B-00C04F79EFBC}") = "OperatorOverloading.Dbl", "02 Operator Overloading\OperatorOverloading.Dbl\OperatorOverloading.Dbl.csproj", "{307354D7-67B9-41CD-928C-506E7AEF5739}"
EndProject
Project("{FAE04EC0-301F-11D3-BF4B-00C04F79EFBC}") = "OperatorOverloading.Parse", "02 Operator Overloading\OperatorOverloading.Parse\OperatorOverloading.Parse.csproj", "{F2C50AC3-FEC9-4617-B9BC-FE8E50BACB77}"
EndProject
Project("{FAE04EC0-301F-11D3-BF4B-00C04F79EFBC}") = "OperatorOverloading.Model", "02 Operator Overloading\OperatorOverloading.Model\OperatorOverloading.Model.csproj", "{B50A4CA5-2739-4B46-99D6-C5FFB397BA82}"
EndProject
Project("{FAE04EC0-301F-11D3-BF4B-00C04F79EFBC}") = "OperatorOverloading.Host", "02 Operator Overloading\OperatorOverloading.Host\OperatorOverloading.Host.csproj", "{62263750-BC8F-45DC-8B3A-435F38B4589C}"
EndProject
Global
	GlobalSection(SolutionConfigurationPlatforms) = preSolution
		Debug|Any CPU = Debug|Any CPU
		Release|Any CPU = Release|Any CPU
	EndGlobalSection
	GlobalSection(ProjectConfigurationPlatforms) = postSolution
		{307354D7-67B9-41CD-928C-506E7AEF5739}.Debug|Any CPU.ActiveCfg = Debug|Any CPU
		{307354D7-67B9-41CD-928C-506E7AEF5739}.Debug|Any CPU.Build.0 = Debug|Any CPU
		{307354D7-67B9-41CD-928C-506E7AEF5739}.Release|Any CPU.ActiveCfg = Release|Any CPU
		{307354D7-67B9-41CD-928C-506E7AEF5739}.Release|Any CPU.Build.0 = Release|Any CPU
		{F2C50AC3-FEC9-4617-B9BC-FE8E50BACB77}.Debug|Any CPU.ActiveCfg = Debug|Any CPU
		{F2C50AC3-FEC9-4617-B9BC-FE8E50BACB77}.Debug|Any CPU.Build.0 = Debug|Any CPU
		{F2C50AC3-FEC9-4617-B9BC-FE8E50BACB77}.Release|Any CPU.ActiveCfg = Release|Any CPU
		{F2C50AC3-FEC9-4617-B9BC-FE8E50BACB77}.Release|Any CPU.Build.0 = Release|Any CPU
		{B50A4CA5-2739-4B46-99D6-C5FFB397BA82}.Debug|Any CPU.ActiveCfg = Debug|Any CPU
		{B50A4CA5-2739-4B46-99D6-C5FFB397BA82}.Debug|Any CPU.Build.0 = Debug|Any CPU
		{B50A4CA5-2739-4B46-99D6-C5FFB397BA82}.Release|Any CPU.ActiveCfg = Release|Any CPU
		{B50A4CA5-2739-4B46-99D6-C5FFB397BA82}.Release|Any CPU.Build.0 = Release|Any CPU
		{62263750-BC8F-45DC-8B3A-435F38B4589C}.Debug|Any CPU.ActiveCfg = Debug|Any CPU
		{62263750-BC8F-45DC-8B3A-435F38B4589C}.Debug|Any CPU.Build.0 = Debug|Any CPU
		{62263750-BC8F-45DC-8B3A-435F38B4589C}.Release|Any CPU.ActiveCfg = Release|Any CPU
		{62263750-BC8F-45DC-8B3A-435F38B4589C}.Release|Any CPU.Build.0 = Release|Any CPU
	EndGlobalSection
	GlobalSection(SolutionProperties) = preSolution
		HideSolutionNode = FALSE
	EndGlobalSection
	GlobalSection(NestedProjects) = preSolution
		{307354D7-67B9-41CD-928C-506E7AEF5739} = {B36943D9-0FD8-4DC6-B773-607C1B598D45}
		{F2C50AC3-FEC9-4617-B9BC-FE8E50BACB77} = {B36943D9-0FD8-4DC6-B773-607C1B598D45}
		{B50A4CA5-2739-4B46-99D6-C5FFB397BA82} = {B36943D9-0FD8-4DC6-B773-607C1B598D45}
		{62263750-BC8F-45DC-8B3A-435F38B4589C} = {B36943D9-0FD8-4DC6-B773-607C1B598D45}
	EndGlobalSection
EndGlobal
